
Microsoft Visual Studio Solution File, Format Version 12.00
# Visual Studio 14
VisualStudioVersion = 14.0.25420.1
MinimumVisualStudioVersion = 10.0.40219.1
Project("{FAE04EC0-301F-11D3-BF4B-00C04F79EFBC}") = "TCSOffice.Presentation.Web", "TCSOffice.Presentation.Web\TCSOffice.Presentation.Web.csproj", "{1DB5C003-BAA7-4ABB-9A9A-68B7A80CF610}"
EndProject
Project("{FAE04EC0-301F-11D3-BF4B-00C04F79EFBC}") = "TCSOffice.Business.Services", "TCSOffice.Business.Services\TCSOffice.Business.Services.csproj", "{451619C8-2EEA-45FC-8888-3428CAE707B6}"
EndProject
Project("{FAE04EC0-301F-11D3-BF4B-00C04F79EFBC}") = "TCSOffice.Business.Domain", "TCSOffice.Business.Domain\TCSOffice.Business.Domain.csproj", "{420F8E1F-E6F3-4435-854B-2E5C6A9B6875}"
EndProject
Project("{FAE04EC0-301F-11D3-BF4B-00C04F79EFBC}") = "TCSOffice.Business.DataAccess", "TCSOffice.Business.DataAccess\TCSOffice.Business.DataAccess.csproj", "{A4171E12-DE07-4288-B4DE-498183F994CE}"
EndProject
Global
	GlobalSection(SolutionConfigurationPlatforms) = preSolution
		Debug|Any CPU = Debug|Any CPU
		Release|Any CPU = Release|Any CPU
	EndGlobalSection
	GlobalSection(ProjectConfigurationPlatforms) = postSolution
		{1DB5C003-BAA7-4ABB-9A9A-68B7A80CF610}.Debug|Any CPU.ActiveCfg = Debug|Any CPU
		{1DB5C003-BAA7-4ABB-9A9A-68B7A80CF610}.Debug|Any CPU.Build.0 = Debug|Any CPU
		{1DB5C003-BAA7-4ABB-9A9A-68B7A80CF610}.Release|Any CPU.ActiveCfg = Release|Any CPU
		{1DB5C003-BAA7-4ABB-9A9A-68B7A80CF610}.Release|Any CPU.Build.0 = Release|Any CPU
		{451619C8-2EEA-45FC-8888-3428CAE707B6}.Debug|Any CPU.ActiveCfg = Debug|Any CPU
		{451619C8-2EEA-45FC-8888-3428CAE707B6}.Debug|Any CPU.Build.0 = Debug|Any CPU
		{451619C8-2EEA-45FC-8888-3428CAE707B6}.Release|Any CPU.ActiveCfg = Release|Any CPU
		{451619C8-2EEA-45FC-8888-3428CAE707B6}.Release|Any CPU.Build.0 = Release|Any CPU
		{420F8E1F-E6F3-4435-854B-2E5C6A9B6875}.Debug|Any CPU.ActiveCfg = Debug|Any CPU
		{420F8E1F-E6F3-4435-854B-2E5C6A9B6875}.Debug|Any CPU.Build.0 = Debug|Any CPU
		{420F8E1F-E6F3-4435-854B-2E5C6A9B6875}.Release|Any CPU.ActiveCfg = Release|Any CPU
		{420F8E1F-E6F3-4435-854B-2E5C6A9B6875}.Release|Any CPU.Build.0 = Release|Any CPU
		{A4171E12-DE07-4288-B4DE-498183F994CE}.Debug|Any CPU.ActiveCfg = Debug|Any CPU
		{A4171E12-DE07-4288-B4DE-498183F994CE}.Debug|Any CPU.Build.0 = Debug|Any CPU
		{A4171E12-DE07-4288-B4DE-498183F994CE}.Release|Any CPU.ActiveCfg = Release|Any CPU
		{A4171E12-DE07-4288-B4DE-498183F994CE}.Release|Any CPU.Build.0 = Release|Any CPU
	EndGlobalSection
	GlobalSection(SolutionProperties) = preSolution
		HideSolutionNode = FALSE
	EndGlobalSection
EndGlobal
